
Microsoft Visual Studio Solution File, Format Version 12.00
# Visual Studio Version 16
VisualStudioVersion = 16.0.29926.136
MinimumVisualStudioVersion = 10.0.40219.1
Project("{FAE04EC0-301F-11D3-BF4B-00C04F79EFBC}") = "Vidzy", "Vidzy\Vidzy.csproj", "{6A5ECCE6-0393-491F-9D7D-8FF266A24646}"
EndProject
Global
	GlobalSection(SolutionConfigurationPlatforms) = preSolution
		Debug|Any CPU = Debug|Any CPU
		Release|Any CPU = Release|Any CPU
	EndGlobalSection
	GlobalSection(ProjectConfigurationPlatforms) = postSolution
		{6A5ECCE6-0393-491F-9D7D-8FF266A24646}.Debug|Any CPU.ActiveCfg = Debug|Any CPU
		{6A5ECCE6-0393-491F-9D7D-8FF266A24646}.Debug|Any CPU.Build.0 = Debug|Any CPU
		{6A5ECCE6-0393-491F-9D7D-8FF266A24646}.Release|Any CPU.ActiveCfg = Release|Any CPU
		{6A5ECCE6-0393-491F-9D7D-8FF266A24646}.Release|Any CPU.Build.0 = Release|Any CPU
	EndGlobalSection
	GlobalSection(SolutionProperties) = preSolution
		HideSolutionNode = FALSE
	EndGlobalSection
	GlobalSection(ExtensibilityGlobals) = postSolution
		SolutionGuid = {DE5405A2-99AF-4218-B8CF-8AA997561E59}
	EndGlobalSection
EndGlobal
